{
  "nodes": {
    "acme": {
      "inputs": {
        "flake-utils": "flake-utils_4",
        "nixpkgs": [
          "xnix",
          "nixpkgs"
        ],
        "rust-overlay": "rust-overlay_3"
      },
      "locked": {
        "lastModified": 1773239493,
        "narHash": "sha256-Cgzpla1gbAfEC9IjXqWd4Dh2KMoUsGZyDsLsecmSf48=",
        "owner": "mkg20001",
        "repo": "acme-distributor",
        "rev": "7efef379950ff858013b17a54fc8a2578963d011",
        "type": "github"
      },
      "original": {
        "owner": "mkg20001",
        "repo": "acme-distributor",
        "type": "github"
      }
    },
    "acme-distributor": {
      "inputs": {
        "flake-utils": "flake-utils",
        "nixpkgs": [
          "nixpkgs"
        ],
        "rust-overlay": "rust-overlay"
      },
      "locked": {
        "lastModified": 1775339937,
        "narHash": "sha256-SD+yxhedqN8sO9RYxGHYuxW5Mo4xCxPJLyCa9KtC4+8=",
        "owner": "mkg20001",
        "repo": "acme-distributor",
        "rev": "af4f762fa2ac78a69db89954f067504b583ef5ac",
        "type": "github"
      },
      "original": {
        "owner": "mkg20001",
        "repo": "acme-distributor",
        "type": "github"
      }
    },
    "common": {
      "inputs": {
        "disko": "disko",
        "mgit-exporter": "mgit-exporter",
        "nix-index-database": "nix-index-database",
        "nix-unify": "nix-unify",
        "nixpkgs": [
          "nixpkgs"
        ],
        "patches4nixpkgs": "patches4nixpkgs"
      },
      "locked": {
        "lastModified": 1775839717,
        "narHash": "sha256-hRjdnE5iYHYqKTqY/P0YIZmkR0nu5mV/B1Lc35poy54=",
        "owner": "mgit-at",
        "repo": "nixos-common",
        "rev": "3e5fd990692aa306195f3b4eb9c872e9375ea845",
        "type": "github"
      },
      "original": {
        "owner": "mgit-at",
        "repo": "nixos-common",
        "type": "github"
      }
    },
    "disko": {
      "inputs": {
        "nixpkgs": [
          "common",
          "nixpkgs"
        ]
      },
      "locked": {
        "lastModified": 1758287904,
        "narHash": "sha256-IGmaEf3Do8o5Cwp1kXBN1wQmZwQN3NLfq5t4nHtVtcU=",
        "owner": "nix-community",
        "repo": "disko",
        "rev": "67ff9807dd148e704baadbd4fd783b54282ca627",
        "type": "github"
      },
      "original": {
        "owner": "nix-community",
        "repo": "disko",
        "type": "github"
      }
    },
    "disko_2": {
      "inputs": {
        "nixpkgs": [
          "nixpkgs"
        ]
      },
      "locked": {
        "lastModified": 1777713215,
        "narHash": "sha256-8GzXDOXckDWwST8TY5DbwYFjdvQLlP7K9CLSVx6iTTo=",
        "owner": "nix-community",
        "repo": "disko",
        "rev": "63b4e7e6cf75307c1d26ac3762b886b5b0247267",
        "type": "github"
      },
      "original": {
        "owner": "nix-community",
        "repo": "disko",
        "type": "github"
      }
    },
    "flake-utils": {
      "inputs": {
        "systems": "systems"
      },
      "locked": {
        "lastModified": 1731533236,
        "narHash": "sha256-l0KFg5HjrsfsO/JpG+r7fRrqm12kzFHyUHqHCVpMMbI=",
        "owner": "numtide",
        "repo": "flake-utils",
        "rev": "11707dc2f618dd54ca8739b309ec4fc024de578b",
        "type": "github"
      },
      "original": {
        "owner": "numtide",
        "repo": "flake-utils",
        "type": "github"
      }
    },
    "flake-utils_2": {
      "inputs": {
        "systems": "systems_2"
      },
      "locked": {
        "lastModified": 1731533236,
        "narHash": "sha256-l0KFg5HjrsfsO/JpG+r7fRrqm12kzFHyUHqHCVpMMbI=",
        "owner": "numtide",
        "repo": "flake-utils",
        "rev": "11707dc2f618dd54ca8739b309ec4fc024de578b",
        "type": "github"
      },
      "original": {
        "owner": "numtide",
        "repo": "flake-utils",
        "type": "github"
      }
    },
    "flake-utils_3": {
      "inputs": {
        "systems": "systems_3"
      },
      "locked": {
        "lastModified": 1731533236,
        "narHash": "sha256-l0KFg5HjrsfsO/JpG+r7fRrqm12kzFHyUHqHCVpMMbI=",
        "owner": "numtide",
        "repo": "flake-utils",
        "rev": "11707dc2f618dd54ca8739b309ec4fc024de578b",
        "type": "github"
      },
      "original": {
        "owner": "numtide",
        "repo": "flake-utils",
        "type": "github"
      }
    },
    "flake-utils_4": {
      "inputs": {
        "systems": "systems_4"
      },
      "locked": {
        "lastModified": 1731533236,
        "narHash": "sha256-l0KFg5HjrsfsO/JpG+r7fRrqm12kzFHyUHqHCVpMMbI=",
        "owner": "numtide",
        "repo": "flake-utils",
        "rev": "11707dc2f618dd54ca8739b309ec4fc024de578b",
        "type": "github"
      },
      "original": {
        "owner": "numtide",
        "repo": "flake-utils",
        "type": "github"
      }
    },
    "flake-utils_5": {
      "inputs": {
        "systems": "systems_5"
      },
      "locked": {
        "lastModified": 1731533236,
        "narHash": "sha256-l0KFg5HjrsfsO/JpG+r7fRrqm12kzFHyUHqHCVpMMbI=",
        "owner": "numtide",
        "repo": "flake-utils",
        "rev": "11707dc2f618dd54ca8739b309ec4fc024de578b",
        "type": "github"
      },
      "original": {
        "owner": "numtide",
        "repo": "flake-utils",
        "type": "github"
      }
    },
    "hardware": {
      "locked": {
        "lastModified": 1777917524,
        "narHash": "sha256-k+LVe9YaO2BEPB9AaCtTtOMCeGi4dxDo6gt4Un3qoPY=",
        "owner": "nixos",
        "repo": "nixos-hardware",
        "rev": "df7783100babf59001340a7a874ba3824e441ecb",
        "type": "github"
      },
      "original": {
        "owner": "nixos",
        "repo": "nixos-hardware",
        "type": "github"
      }
    },
    "home-manager": {
      "inputs": {
        "nixpkgs": [
          "nixpkgs"
        ]
      },
      "locked": {
        "lastModified": 1778009629,
        "narHash": "sha256-nUoQtf4Zq7DRYJrfv904hjrxjAlWVP6a1pNNFKx3FCg=",
        "owner": "nix-community",
        "repo": "home-manager",
        "rev": "00ed86e58bb6979a7921859fd1615d19382eac5c",
        "type": "github"
      },
      "original": {
        "owner": "nix-community",
        "ref": "master",
        "repo": "home-manager",
        "type": "github"
      }
    },
    "mac-mgmt": {
      "inputs": {
        "flake-utils": "flake-utils_2",
        "nixpkgs": [
          "nixpkgs"
        ],
        "rust-overlay": [
          "rust-overlay"
        ]
      },
      "locked": {
        "lastModified": 1778101415,
        "narHash": "sha256-OaAQBs6+WI/j3JlF5yDzt17FL2JjKJkoKE+oirASFrE=",
        "ref": "refs/heads/trunk",
        "rev": "37c3e58b578b012632d66de573ccdac3a07ffe86",
        "revCount": 1458,
        "type": "git",
        "url": "ssh://git@git.plan.ai/plan-ai/mac-mgmt"
      },
      "original": {
        "type": "git",
        "url": "ssh://git@git.plan.ai/plan-ai/mac-mgmt"
      }
    },
    "mgit-exporter": {
      "inputs": {
        "nixpkgs": [
          "common",
          "nixpkgs"
        ],
        "patches4nixpkgs": [
          "common",
          "patches4nixpkgs"
        ]
      },
      "locked": {
        "lastModified": 1753050291,
        "narHash": "sha256-bA5prVLvkp0NtMkGYwk0oO7GWBNKoIt3Ht5oq6CFExI=",
        "owner": "mgit-at",
        "repo": "prometheus-mgit-exporter",
        "rev": "aead48040290055e36c8574db4a5ce6d33335afd",
        "type": "github"
      },
      "original": {
        "owner": "mgit-at",
        "ref": "topic/nixos",
        "repo": "prometheus-mgit-exporter",
        "type": "github"
      }
    },
    "mkg": {
      "locked": {
        "lastModified": 1614068235,
        "narHash": "sha256-Dr0PgVPKTzjywh0nLaY8KWk41jJe/vJE4bzf+LF/1zg=",
        "owner": "mkg20001",
        "repo": "mkg-nix",
        "rev": "12824e22b2942f912348c940fc8572120e8a67b3",
        "type": "github"
      },
      "original": {
        "owner": "mkg20001",
        "ref": "master",
        "repo": "mkg-nix",
        "type": "github"
      }
    },
    "mkg-mod": {
      "inputs": {
        "nixpkgs": [
          "nixpkgs"
        ]
      },
      "locked": {
        "lastModified": 1739548389,
        "narHash": "sha256-9V9QvyotnmsDK3xW2BoYBLNz4+0YvFQPj84ZdOeX99Q=",
        "owner": "mkg20001",
        "repo": "mkg-mod",
        "rev": "df528e1af820c458e2c93c500593c065b901dac2",
        "type": "github"
      },
      "original": {
        "owner": "mkg20001",
        "ref": "master",
        "repo": "mkg-mod",
        "type": "github"
      }
    },
    "nix-index-database": {
      "inputs": {
        "nixpkgs": [
          "common",
          "nixpkgs"
        ]
      },
      "locked": {
        "lastModified": 1759032422,
        "narHash": "sha256-WZf+FhebP2/1pK2np5xj/NuDjD6fXK2BHnq/tPUN18o=",
        "owner": "nix-community",
        "repo": "nix-index-database",
        "rev": "ec7a78cb0e098832d8acac091a4df393259c4839",
        "type": "github"
      },
      "original": {
        "owner": "nix-community",
        "repo": "nix-index-database",
        "type": "github"
      }
    },
    "nix-node-package": {
      "locked": {
        "lastModified": 1706303050,
        "narHash": "sha256-LCELgjzunxEsZQNRYJmVJ6FRVVurEsffed9aB8kPheE=",
        "owner": "mkg20001",
        "repo": "nix-node-package",
        "rev": "90f6ad8de81e3b75c2b0e6e3f9711bb094a5072b",
        "type": "github"
      },
      "original": {
        "owner": "mkg20001",
        "ref": "master",
        "repo": "nix-node-package",
        "type": "github"
      }
    },
    "nix-node-package_2": {
      "locked": {
        "lastModified": 1631348881,
        "narHash": "sha256-bG/wwzf14M1aCNVaL/KD1F+3uiY734d6G23g4eLWBI8=",
        "owner": "mkg20001",
        "repo": "nix-node-package",
        "rev": "7e149259a3ff32b68dff3ddcb697a906b03e2bca",
        "type": "github"
      },
      "original": {
        "owner": "mkg20001",
        "ref": "master",
        "repo": "nix-node-package",
        "type": "github"
      }
    },
    "nix-node-package_3": {
      "locked": {
        "lastModified": 1645439390,
        "narHash": "sha256-mYkNbWBzQkv7O0mVZ4llqo9ZNeeo/IWPJk5WMa34SgQ=",
        "owner": "mkg20001",
        "repo": "nix-node-package",
        "rev": "03285e212016db5f28530563b58cfcc5706ff73f",
        "type": "github"
      },
      "original": {
        "owner": "mkg20001",
        "ref": "master",
        "repo": "nix-node-package",
        "type": "github"
      }
    },
    "nix-unify": {
      "inputs": {
        "nixpkgs": [
          "common",
          "nixpkgs"
        ]
      },
      "locked": {
        "lastModified": 1727526428,
        "narHash": "sha256-Amte8t+ImQ8u5le0wu7LdfYnh0b+HWQ1SpraoBS5zpg=",
        "owner": "mgit-at",
        "repo": "nix-unify",
        "rev": "b60be5ac4b368da503dde176623e5f460a3257d1",
        "type": "github"
      },
      "original": {
        "owner": "mgit-at",
        "ref": "master",
        "repo": "nix-unify",
        "type": "github"
      }
    },
    "nixpkgs": {
      "locked": {
        "lastModified": 1777672034,
        "narHash": "sha256-H7AUC1ydHCUdBpt9Dbas/HaIZ6CBV0hhJBVzjQTq+nQ=",
        "type": "tarball",
        "url": "https://git.plan.ai/plan-ai/nixpkgs/-/jobs/artifacts/plan-ai/raw/nixpkgs.tar.xz?job=build_x86_64-linux"
      },
      "original": {
        "type": "tarball",
        "url": "https://git.plan.ai/plan-ai/nixpkgs/-/jobs/artifacts/plan-ai/raw/nixpkgs.tar.xz?job=build_x86_64-linux"
      }
    },
    "patches4nixpkgs": {
      "locked": {
        "lastModified": 1713984892,
        "narHash": "sha256-rPu+gkj3qvjor3vvAFurlonyo03bop8s84fvvtNq5mc=",
        "owner": "mgit-at",
        "repo": "patches4nixpkgs",
        "rev": "24952ef04759d20868efe437bb4a88e8dc0265e3",
        "type": "github"
      },
      "original": {
        "owner": "mgit-at",
        "ref": "master",
        "repo": "patches4nixpkgs",
        "type": "github"
      }
    },
    "plan-ai-chat": {
      "inputs": {
        "flake-utils": "flake-utils_3",
        "nixpkgs": [
          "nixpkgs"
        ]
      },
      "locked": {
        "lastModified": 1776256673,
        "narHash": "sha256-oQjmQKU67zS9N/j92qXDWMEVKuH/cCDmoy5WKGqIELE=",
        "ref": "refs/heads/trunk",
        "rev": "68e37c556cdcfde30b316483605e633fe5e82323",
        "revCount": 84,
        "type": "git",
        "url": "ssh://git@git.plan.ai/plan-ai/chat"
      },
      "original": {
        "type": "git",
        "url": "ssh://git@git.plan.ai/plan-ai/chat"
      }
    },
    "root": {
      "inputs": {
        "acme-distributor": "acme-distributor",
        "common": "common",
        "disko": "disko_2",
        "hardware": "hardware",
        "home-manager": "home-manager",
        "mac-mgmt": "mac-mgmt",
        "mkg-mod": "mkg-mod",
        "nixpkgs": "nixpkgs",
        "plan-ai-chat": "plan-ai-chat",
        "rust-overlay": "rust-overlay_2",
        "supabase-self-service-consent": "supabase-self-service-consent",
        "xnix": "xnix",
        "xzar": "xzar"
      }
    },
    "rust-overlay": {
      "inputs": {
        "nixpkgs": [
          "acme-distributor",
          "nixpkgs"
        ]
      },
      "locked": {
        "lastModified": 1774062094,
        "narHash": "sha256-ba3c+hS7KzEiwtZRGHagIAYdcmdY3rCSWVCyn64rx7s=",
        "owner": "oxalica",
        "repo": "rust-overlay",
        "rev": "c807e83cc2e32adc35f51138b3bdef722c0812ab",
        "type": "github"
      },
      "original": {
        "owner": "oxalica",
        "repo": "rust-overlay",
        "type": "github"
      }
    },
    "rust-overlay_2": {
      "inputs": {
        "nixpkgs": [
          "nixpkgs"
        ]
      },
      "locked": {
        "lastModified": 1778037418,
        "narHash": "sha256-EZnAOkPgEeOO2rCRhwkTvesCq/E6dbsyxhMyaefgIWM=",
        "owner": "oxalica",
        "repo": "rust-overlay",
        "rev": "adf987c76af8d17b8256d23631bcf203f81e1a63",
        "type": "github"
      },
      "original": {
        "owner": "oxalica",
        "repo": "rust-overlay",
        "type": "github"
      }
    },
    "rust-overlay_3": {
      "inputs": {
        "nixpkgs": [
          "xnix",
          "acme",
          "nixpkgs"
        ]
      },
      "locked": {
        "lastModified": 1772679930,
        "narHash": "sha256-FxYmdacqrdDVeE9QqZKTIpNLjv2B8GSKssgwlZuTR98=",
        "owner": "oxalica",
        "repo": "rust-overlay",
        "rev": "9b741db17141331fdb26270a1b66b81be8be9edd",
        "type": "github"
      },
      "original": {
        "owner": "oxalica",
        "repo": "rust-overlay",
        "type": "github"
      }
    },
    "rust-overlay_4": {
      "inputs": {
        "nixpkgs": [
          "xzar",
          "nixpkgs"
        ]
      },
      "locked": {
        "lastModified": 1775704356,
        "narHash": "sha256-A9JX65WofIF8OKrkMsjznSYNj/A4hfJfEGonsEQ9kxA=",
        "owner": "oxalica",
        "repo": "rust-overlay",
        "rev": "55660228072f38c64c4d2fd227944334dc3f4326",
        "type": "github"
      },
      "original": {
        "owner": "oxalica",
        "repo": "rust-overlay",
        "type": "github"
      }
    },
    "supabase-self-service-consent": {
      "inputs": {
        "nixpkgs": [
          "nixpkgs"
        ]
      },
      "locked": {
        "lastModified": 1777246933,
        "narHash": "sha256-n5xq9hyhTI528bckLKHdayXtQRft53AuI9s2rlEq32k=",
        "ref": "refs/heads/trunk",
        "rev": "3e74ccf24643d597d80a4a9847769ac6cc31e208",
        "revCount": 21,
        "type": "git",
        "url": "ssh://git@git.plan.ai/plan-ai/supabase-self-service-consent"
      },
      "original": {
        "type": "git",
        "url": "ssh://git@git.plan.ai/plan-ai/supabase-self-service-consent"
      }
    },
    "systems": {
      "locked": {
        "lastModified": 1681028828,
        "narHash": "sha256-Vy1rq5AaRuLzOxct8nz4T6wlgyUR7zLU309k9mBC768=",
        "owner": "nix-systems",
        "repo": "default",
        "rev": "da67096a3b9bf56a91d16901293e51ba5b49a27e",
        "type": "github"
      },
      "original": {
        "owner": "nix-systems",
        "repo": "default",
        "type": "github"
      }
    },
    "systems_2": {
      "locked": {
        "lastModified": 1681028828,
        "narHash": "sha256-Vy1rq5AaRuLzOxct8nz4T6wlgyUR7zLU309k9mBC768=",
        "owner": "nix-systems",
        "repo": "default",
        "rev": "da67096a3b9bf56a91d16901293e51ba5b49a27e",
        "type": "github"
      },
      "original": {
        "owner": "nix-systems",
        "repo": "default",
        "type": "github"
      }
    },
    "systems_3": {
      "locked": {
        "lastModified": 1681028828,
        "narHash": "sha256-Vy1rq5AaRuLzOxct8nz4T6wlgyUR7zLU309k9mBC768=",
        "owner": "nix-systems",
        "repo": "default",
        "rev": "da67096a3b9bf56a91d16901293e51ba5b49a27e",
        "type": "github"
      },
      "original": {
        "owner": "nix-systems",
        "repo": "default",
        "type": "github"
      }
    },
    "systems_4": {
      "locked": {
        "lastModified": 1681028828,
        "narHash": "sha256-Vy1rq5AaRuLzOxct8nz4T6wlgyUR7zLU309k9mBC768=",
        "owner": "nix-systems",
        "repo": "default",
        "rev": "da67096a3b9bf56a91d16901293e51ba5b49a27e",
        "type": "github"
      },
      "original": {
        "owner": "nix-systems",
        "repo": "default",
        "type": "github"
      }
    },
    "systems_5": {
      "locked": {
        "lastModified": 1681028828,
        "narHash": "sha256-Vy1rq5AaRuLzOxct8nz4T6wlgyUR7zLU309k9mBC768=",
        "owner": "nix-systems",
        "repo": "default",
        "rev": "da67096a3b9bf56a91d16901293e51ba5b49a27e",
        "type": "github"
      },
      "original": {
        "owner": "nix-systems",
        "repo": "default",
        "type": "github"
      }
    },
    "xnix": {
      "inputs": {
        "acme": "acme",
        "mkg": "mkg",
        "nix-node-package": "nix-node-package",
        "nixpkgs": [
          "nixpkgs"
        ],
        "xup": "xup",
        "xzar-client": "xzar-client"
      },
      "locked": {
        "lastModified": 1773239629,
        "narHash": "sha256-YuT9r3GmFQzYICfRye1mDeLROQsKkZfUGomyGWZndA0=",
        "ref": "refs/heads/master",
        "rev": "09d978b8349b83f34c12f6e9c5916411a7975cf4",
        "revCount": 239,
        "type": "git",
        "url": "https://git.xeredo.it/xeredo/xnix.git"
      },
      "original": {
        "type": "git",
        "url": "https://git.xeredo.it/xeredo/xnix.git"
      }
    },
    "xup": {
      "inputs": {
        "nix-node-package": "nix-node-package_2",
        "nixpkgs": [
          "xnix",
          "nixpkgs"
        ]
      },
      "locked": {
        "lastModified": 1636544190,
        "narHash": "sha256-VHMQO6ur98QF+z14aYgPcS5gh5PV+cEQFthwkRaJR+8=",
        "ref": "refs/heads/master",
        "rev": "b2b2d7c70810d47d57594c8b171cb9bf2b5aad02",
        "revCount": 50,
        "type": "git",
        "url": "https://git.xeredo.it/xeredo/xup"
      },
      "original": {
        "type": "git",
        "url": "https://git.xeredo.it/xeredo/xup"
      }
    },
    "xzar": {
      "inputs": {
        "flake-utils": "flake-utils_5",
        "nixpkgs": [
          "nixpkgs"
        ],
        "rust-overlay": "rust-overlay_4"
      },
      "locked": {
        "lastModified": 1776513538,
        "narHash": "sha256-MMtLQOCS2GB3luBWUUgLqbxcr5j+oNfp4yR7q0PSneY=",
        "owner": "mkg20001",
        "repo": "xzar",
        "rev": "ca9d5447e0bc340484e55891e61a3b722e9a8c41",
        "type": "github"
      },
      "original": {
        "owner": "mkg20001",
        "repo": "xzar",
        "type": "github"
      }
    },
    "xzar-client": {
      "inputs": {
        "nix-node-package": "nix-node-package_3",
        "nixpkgs": [
          "xnix",
          "nixpkgs"
        ]
      },
      "locked": {
        "lastModified": 1679591128,
        "narHash": "sha256-RVyQM9yTWin06ZG83ha6hET3AypHn9xbLzzlfP/6FB4=",
        "ref": "refs/heads/master",
        "rev": "ad4fc7382d89cc73221b8fd0859be5875e9dd782",
        "revCount": 37,
        "type": "git",
        "url": "https://git.xeredo.it/xeredo/xzar/xzar-client"
      },
      "original": {
        "type": "git",
        "url": "https://git.xeredo.it/xeredo/xzar/xzar-client"
      }
    }
  },
  "root": "root",
  "version": 7
}
